
Microsoft Visual Studio Solution File, Format Version 12.00
# Visual Studio Version 17
VisualStudioVersion = 17.2.32616.157
MinimumVisualStudioVersion = 10.0.40219.1
Project("{9A19103F-16F7-4668-BE54-9A1E7A4F7556}") = "Sports", "Sports\Sports.csproj", "{966009E1-1CB2-4C24-BB18-BF1A5759B69F}"
EndProject
Project("{9A19103F-16F7-4668-BE54-9A1E7A4F7556}") = "Youchien", "Youchien\Youchien.csproj", "{107FFC74-3ED5-44D2-B77B-F04C02928205}"
EndProject
Global
	GlobalSection(SolutionConfigurationPlatforms) = preSolution
		Debug|Any CPU = Debug|Any CPU
		Release|Any CPU = Release|Any CPU
	EndGlobalSection
	GlobalSection(ProjectConfigurationPlatforms) = postSolution
		{966009E1-1CB2-4C24-BB18-BF1A5759B69F}.Debug|Any CPU.ActiveCfg = Debug|Any CPU
		{966009E1-1CB2-4C24-BB18-BF1A5759B69F}.Debug|Any CPU.Build.0 = Debug|Any CPU
		{966009E1-1CB2-4C24-BB18-BF1A5759B69F}.Release|Any CPU.ActiveCfg = Release|Any CPU
		{966009E1-1CB2-4C24-BB18-BF1A5759B69F}.Release|Any CPU.Build.0 = Release|Any CPU
		{107FFC74-3ED5-44D2-B77B-F04C02928205}.Debug|Any CPU.ActiveCfg = Debug|Any CPU
		{107FFC74-3ED5-44D2-B77B-F04C02928205}.Debug|Any CPU.Build.0 = Debug|Any CPU
		{107FFC74-3ED5-44D2-B77B-F04C02928205}.Release|Any CPU.ActiveCfg = Release|Any CPU
		{107FFC74-3ED5-44D2-B77B-F04C02928205}.Release|Any CPU.Build.0 = Release|Any CPU
	EndGlobalSection
	GlobalSection(SolutionProperties) = preSolution
		HideSolutionNode = FALSE
	EndGlobalSection
	GlobalSection(ExtensibilityGlobals) = postSolution
		SolutionGuid = {7D246F5C-45B4-47D6-94A6-405E2B16BC2A}
	EndGlobalSection
EndGlobal
